
Microsoft Visual Studio Solution File, Format Version 12.00
# Visual Studio Version 16
VisualStudioVersion = 16.0.30626.31
MinimumVisualStudioVersion = 10.0.40219.1
Project("{9A19103F-16F7-4668-BE54-9A1E7A4F7556}") = "Webshop.Shared", "Webshop.Shared\Webshop.Shared.csproj", "{649A9ACB-3A58-4CF5-9DFF-A01A23F8347F}"
EndProject
Project("{9A19103F-16F7-4668-BE54-9A1E7A4F7556}") = "Catalog", "Catalog\Catalog.csproj", "{8B637814-F039-403E-A80E-A5FB5B557960}"
EndProject
Project("{9A19103F-16F7-4668-BE54-9A1E7A4F7556}") = "Webshop.Tests", "Webshop.Tests\Webshop.Tests.csproj", "{3F34368D-2144-4E89-998A-691F45636E7B}"
EndProject
Project("{9A19103F-16F7-4668-BE54-9A1E7A4F7556}") = "Webshop.Shared.Ddd", "Webshop.Shared.Ddd\Webshop.Shared.Ddd.csproj", "{B2A2F269-6A28-4E85-AA9F-A2DA473C1EFD}"
EndProject
Project("{9A19103F-16F7-4668-BE54-9A1E7A4F7556}") = "Webshop.Shared.Infrastructure.Consul", "Webshop.Shared.Infrastructure.Consul\Webshop.Shared.Infrastructure.Consul.csproj", "{A046FA87-A66C-4A38-A4F0-195FF825CA0F}"
EndProject
Project("{FAE04EC0-301F-11D3-BF4B-00C04F79EFBC}") = "Webshop.Shared.Infrastructure.DistributedTracing", "Webshop.Shared.Infrastructure.DistributedTracing\Webshop.Shared.Infrastructure.DistributedTracing.csproj", "{9A44E045-D200-4713-9424-A53C0BD44744}"
EndProject
Project("{FAE04EC0-301F-11D3-BF4B-00C04F79EFBC}") = "Webshop.Shared.Infrastructure.Swagger", "Webshop.Shared.Infrastructure.Swagger\Webshop.Shared.Infrastructure.Swagger.csproj", "{4703D304-5477-4866-B22E-2097AF12E0D2}"
EndProject
Global
	GlobalSection(SolutionConfigurationPlatforms) = preSolution
		Debug|Any CPU = Debug|Any CPU
		Release|Any CPU = Release|Any CPU
	EndGlobalSection
	GlobalSection(ProjectConfigurationPlatforms) = postSolution
		{649A9ACB-3A58-4CF5-9DFF-A01A23F8347F}.Debug|Any CPU.ActiveCfg = Debug|Any CPU
		{649A9ACB-3A58-4CF5-9DFF-A01A23F8347F}.Debug|Any CPU.Build.0 = Debug|Any CPU
		{649A9ACB-3A58-4CF5-9DFF-A01A23F8347F}.Release|Any CPU.ActiveCfg = Release|Any CPU
		{649A9ACB-3A58-4CF5-9DFF-A01A23F8347F}.Release|Any CPU.Build.0 = Release|Any CPU
		{8B637814-F039-403E-A80E-A5FB5B557960}.Debug|Any CPU.ActiveCfg = Debug|Any CPU
		{8B637814-F039-403E-A80E-A5FB5B557960}.Debug|Any CPU.Build.0 = Debug|Any CPU
		{8B637814-F039-403E-A80E-A5FB5B557960}.Release|Any CPU.ActiveCfg = Release|Any CPU
		{8B637814-F039-403E-A80E-A5FB5B557960}.Release|Any CPU.Build.0 = Release|Any CPU
		{3F34368D-2144-4E89-998A-691F45636E7B}.Debug|Any CPU.ActiveCfg = Debug|Any CPU
		{3F34368D-2144-4E89-998A-691F45636E7B}.Debug|Any CPU.Build.0 = Debug|Any CPU
		{3F34368D-2144-4E89-998A-691F45636E7B}.Release|Any CPU.ActiveCfg = Release|Any CPU
		{3F34368D-2144-4E89-998A-691F45636E7B}.Release|Any CPU.Build.0 = Release|Any CPU
		{B2A2F269-6A28-4E85-AA9F-A2DA473C1EFD}.Debug|Any CPU.ActiveCfg = Debug|Any CPU
		{B2A2F269-6A28-4E85-AA9F-A2DA473C1EFD}.Debug|Any CPU.Build.0 = Debug|Any CPU
		{B2A2F269-6A28-4E85-AA9F-A2DA473C1EFD}.Release|Any CPU.ActiveCfg = Release|Any CPU
		{B2A2F269-6A28-4E85-AA9F-A2DA473C1EFD}.Release|Any CPU.Build.0 = Release|Any CPU
		{A046FA87-A66C-4A38-A4F0-195FF825CA0F}.Debug|Any CPU.ActiveCfg = Debug|Any CPU
		{A046FA87-A66C-4A38-A4F0-195FF825CA0F}.Debug|Any CPU.Build.0 = Debug|Any CPU
		{A046FA87-A66C-4A38-A4F0-195FF825CA0F}.Release|Any CPU.ActiveCfg = Release|Any CPU
		{A046FA87-A66C-4A38-A4F0-195FF825CA0F}.Release|Any CPU.Build.0 = Release|Any CPU
		{9A44E045-D200-4713-9424-A53C0BD44744}.Debug|Any CPU.ActiveCfg = Debug|Any CPU
		{9A44E045-D200-4713-9424-A53C0BD44744}.Debug|Any CPU.Build.0 = Debug|Any CPU
		{9A44E045-D200-4713-9424-A53C0BD44744}.Release|Any CPU.ActiveCfg = Release|Any CPU
		{9A44E045-D200-4713-9424-A53C0BD44744}.Release|Any CPU.Build.0 = Release|Any CPU
		{4703D304-5477-4866-B22E-2097AF12E0D2}.Debug|Any CPU.ActiveCfg = Debug|Any CPU
		{4703D304-5477-4866-B22E-2097AF12E0D2}.Debug|Any CPU.Build.0 = Debug|Any CPU
		{4703D304-5477-4866-B22E-2097AF12E0D2}.Release|Any CPU.ActiveCfg = Release|Any CPU
		{4703D304-5477-4866-B22E-2097AF12E0D2}.Release|Any CPU.Build.0 = Release|Any CPU
	EndGlobalSection
	GlobalSection(SolutionProperties) = preSolution
		HideSolutionNode = FALSE
	EndGlobalSection
	GlobalSection(ExtensibilityGlobals) = postSolution
		SolutionGuid = {95B866EE-FB0D-414C-A80D-4767D13444B4}
	EndGlobalSection
EndGlobal
